// !$*UTF8*$!
{
	archiveVersion = 1;
	classes = {
	};
	objectVersion = 56;
	objects = {

/* Begin PBXBuildFile section */
		646FC4142AE77EDB0004A1F1 /* SceneManager.swift in Sources */ = {isa = PBXBuildFile; fileRef = 646FC4132AE77EDB0004A1F1 /* SceneManager.swift */; };
		646FC41D2AE811A20004A1F1 /* footstepWooden.mp3 in Resources */ = {isa = PBXBuildFile; fileRef = 646FC41C2AE811A20004A1F1 /* footstepWooden.mp3 */; };
		646FC41F2AE8359F0004A1F1 /* Button.swift in Sources */ = {isa = PBXBuildFile; fileRef = 646FC41E2AE8359F0004A1F1 /* Button.swift */; };
		646FC4242AE9701D0004A1F1 /* komplekKerajaan.mp3 in Resources */ = {isa = PBXBuildFile; fileRef = 646FC4202AE9701D0004A1F1 /* komplekKerajaan.mp3 */; };
		649EC81C2AEE8F8E00E1892F /* BaliScene.swift in Sources */ = {isa = PBXBuildFile; fileRef = 649EC81B2AEE8F8E00E1892F /* BaliScene.swift */; };
		649EC81E2AEE8FA500E1892F /* PendopoBaliScene.swift in Sources */ = {isa = PBXBuildFile; fileRef = 649EC81D2AEE8FA500E1892F /* PendopoBaliScene.swift */; };
		649EC8282AEEB56800E1892F /* Depan Kerajaan.mp3 in Resources */ = {isa = PBXBuildFile; fileRef = 649EC8252AEEB56800E1892F /* Depan Kerajaan.mp3 */; };
		649EC8292AEEB56800E1892F /* Sungai.mp3 in Resources */ = {isa = PBXBuildFile; fileRef = 649EC8262AEEB56800E1892F /* Sungai.mp3 */; };
		649EC82A2AEEB56800E1892F /* Pantai Majapahit.mp3 in Resources */ = {isa = PBXBuildFile; fileRef = 649EC8272AEEB56800E1892F /* Pantai Majapahit.mp3 */; };
		BD274F0C2AF21E78006B6A97 /* EndingScene.swift in Sources */ = {isa = PBXBuildFile; fileRef = BD274F0B2AF21E78006B6A97 /* EndingScene.swift */; };
		BD4407732AF1EDD8009DA530 /* OnBoardingScene.swift in Sources */ = {isa = PBXBuildFile; fileRef = BD4407722AF1EDD8009DA530 /* OnBoardingScene.swift */; };
		BD5B833C2AE2608A004A8345 /* Item.swift in Sources */ = {isa = PBXBuildFile; fileRef = BD5B833B2AE2608A004A8345 /* Item.swift */; };
		BD6809982AF0F38F00AA67CF /* OpeningNaration.swift in Sources */ = {isa = PBXBuildFile; fileRef = BD6809972AF0F38F00AA67CF /* OpeningNaration.swift */; };
		BD6F59BB2AD6948200103994 /* AppDelegate.swift in Sources */ = {isa = PBXBuildFile; fileRef = BD6F59BA2AD6948200103994 /* AppDelegate.swift */; };
		BD6F59C32AD6948200103994 /* GameViewController.swift in Sources */ = {isa = PBXBuildFile; fileRef = BD6F59C22AD6948200103994 /* GameViewController.swift */; };
		BD6F59C62AD6948200103994 /* Main.storyboard in Resources */ = {isa = PBXBuildFile; fileRef = BD6F59C42AD6948200103994 /* Main.storyboard */; };
		BD6F59C82AD6948300103994 /* Assets.xcassets in Resources */ = {isa = PBXBuildFile; fileRef = BD6F59C72AD6948300103994 /* Assets.xcassets */; };
		BD6F59CB2AD6948300103994 /* LaunchScreen.storyboard in Resources */ = {isa = PBXBuildFile; fileRef = BD6F59C92AD6948300103994 /* LaunchScreen.storyboard */; };
		BD6F59D32AD7D22C00103994 /* GameConfig.swift in Sources */ = {isa = PBXBuildFile; fileRef = BD6F59D22AD7D22C00103994 /* GameConfig.swift */; };
		BD6F59D62AD7F7BF00103994 /* Player.swift in Sources */ = {isa = PBXBuildFile; fileRef = BD6F59D52AD7F7BF00103994 /* Player.swift */; };
		BDA0D98C2ADD459100B6ABE6 /* Npc.swift in Sources */ = {isa = PBXBuildFile; fileRef = BDA0D98B2ADD459100B6ABE6 /* Npc.swift */; };
		BDA69E6F2AE912E800211E96 /* DesaScene.swift in Sources */ = {isa = PBXBuildFile; fileRef = BDA69E6E2AE912E800211E96 /* DesaScene.swift */; };
		BDA69E712AE9133500211E96 /* KomplekKerajaanScene.swift in Sources */ = {isa = PBXBuildFile; fileRef = BDA69E702AE9133500211E96 /* KomplekKerajaanScene.swift */; };
		BDB3C2BE2AE965D400FBBB08 /* SingasanaScene.swift in Sources */ = {isa = PBXBuildFile; fileRef = BDB3C2BD2AE965D400FBBB08 /* SingasanaScene.swift */; };
		BDDED9E82AEE4EE800E468C7 /* Tutorial.swift in Sources */ = {isa = PBXBuildFile; fileRef = BDDED9E72AEE4EE700E468C7 /* Tutorial.swift */; };
		BDE8B3502ADD92D600BAA6BC /* config.swift in Sources */ = {isa = PBXBuildFile; fileRef = BDE8B34F2ADD92D600BAA6BC /* config.swift */; };
/* End PBXBuildFile section */

/* Begin PBXFileReference section */
		646FC4132AE77EDB0004A1F1 /* SceneManager.swift */ = {isa = PBXFileReference; lastKnownFileType = sourcecode.swift; path = SceneManager.swift; sourceTree = "<group>"; };
		646FC41C2AE811A20004A1F1 /* footstepWooden.mp3 */ = {isa = PBXFileReference; lastKnownFileType = audio.mp3; path = footstepWooden.mp3; sourceTree = "<group>"; };
		646FC41E2AE8359F0004A1F1 /* Button.swift */ = {isa = PBXFileReference; lastKnownFileType = sourcecode.swift; path = Button.swift; sourceTree = "<group>"; };
		646FC4202AE9701D0004A1F1 /* komplekKerajaan.mp3 */ = {isa = PBXFileReference; lastKnownFileType = audio.mp3; path = komplekKerajaan.mp3; sourceTree = "<group>"; };
		649EC81B2AEE8F8E00E1892F /* BaliScene.swift */ = {isa = PBXFileReference; lastKnownFileType = sourcecode.swift; path = BaliScene.swift; sourceTree = "<group>"; };
		649EC81D2AEE8FA500E1892F /* PendopoBaliScene.swift */ = {isa = PBXFileReference; lastKnownFileType = sourcecode.swift; path = PendopoBaliScene.swift; sourceTree = "<group>"; };
		649EC8252AEEB56800E1892F /* Depan Kerajaan.mp3 */ = {isa = PBXFileReference; lastKnownFileType = audio.mp3; path = "Depan Kerajaan.mp3"; sourceTree = "<group>"; };
		649EC8262AEEB56800E1892F /* Sungai.mp3 */ = {isa = PBXFileReference; lastKnownFileType = audio.mp3; path = Sungai.mp3; sourceTree = "<group>"; };
		649EC8272AEEB56800E1892F /* Pantai Majapahit.mp3 */ = {isa = PBXFileReference; lastKnownFileType = audio.mp3; path = "Pantai Majapahit.mp3"; sourceTree = "<group>"; };
		BD274F0B2AF21E78006B6A97 /* EndingScene.swift */ = {isa = PBXFileReference; lastKnownFileType = sourcecode.swift; path = EndingScene.swift; sourceTree = "<group>"; };
		BD4407722AF1EDD8009DA530 /* OnBoardingScene.swift */ = {isa = PBXFileReference; lastKnownFileType = sourcecode.swift; path = OnBoardingScene.swift; sourceTree = "<group>"; };
		BD5B833B2AE2608A004A8345 /* Item.swift */ = {isa = PBXFileReference; lastKnownFileType = sourcecode.swift; path = Item.swift; sourceTree = "<group>"; };
		BD6809972AF0F38F00AA67CF /* OpeningNaration.swift */ = {isa = PBXFileReference; lastKnownFileType = sourcecode.swift; path = OpeningNaration.swift; sourceTree = "<group>"; };
		BD6F59B72AD6948200103994 /* Gaming.app */ = {isa = PBXFileReference; explicitFileType = wrapper.application; includeInIndex = 0; path = Gaming.app; sourceTree = BUILT_PRODUCTS_DIR; };
		BD6F59BA2AD6948200103994 /* AppDelegate.swift */ = {isa = PBXFileReference; lastKnownFileType = sourcecode.swift; path = AppDelegate.swift; sourceTree = "<group>"; };
		BD6F59C22AD6948200103994 /* GameViewController.swift */ = {isa = PBXFileReference; lastKnownFileType = sourcecode.swift; path = GameViewController.swift; sourceTree = "<group>"; };
		BD6F59C52AD6948200103994 /* Base */ = {isa = PBXFileReference; lastKnownFileType = file.storyboard; name = Base; path = Base.lproj/Main.storyboard; sourceTree = "<group>"; };
		BD6F59C72AD6948300103994 /* Assets.xcassets */ = {isa = PBXFileReference; lastKnownFileType = folder.assetcatalog; path = Assets.xcassets; sourceTree = "<group>"; };
		BD6F59CA2AD6948300103994 /* Base */ = {isa = PBXFileReference; lastKnownFileType = file.storyboard; name = Base; path = Base.lproj/LaunchScreen.storyboard; sourceTree = "<group>"; };
		BD6F59D22AD7D22C00103994 /* GameConfig.swift */ = {isa = PBXFileReference; lastKnownFileType = sourcecode.swift; path = GameConfig.swift; sourceTree = "<group>"; };
		BD6F59D52AD7F7BF00103994 /* Player.swift */ = {isa = PBXFileReference; lastKnownFileType = sourcecode.swift; path = Player.swift; sourceTree = "<group>"; };
		BDA0D98B2ADD459100B6ABE6 /* Npc.swift */ = {isa = PBXFileReference; lastKnownFileType = sourcecode.swift; path = Npc.swift; sourceTree = "<group>"; };
		BDA69E6E2AE912E800211E96 /* DesaScene.swift */ = {isa = PBXFileReference; lastKnownFileType = sourcecode.swift; path = DesaScene.swift; sourceTree = "<group>"; };
		BDA69E702AE9133500211E96 /* KomplekKerajaanScene.swift */ = {isa = PBXFileReference; lastKnownFileType = sourcecode.swift; path = KomplekKerajaanScene.swift; sourceTree = "<group>"; };
		BDB3C2BD2AE965D400FBBB08 /* SingasanaScene.swift */ = {isa = PBXFileReference; lastKnownFileType = sourcecode.swift; path = SingasanaScene.swift; sourceTree = "<group>"; };
		BDDED9E72AEE4EE700E468C7 /* Tutorial.swift */ = {isa = PBXFileReference; lastKnownFileType = sourcecode.swift; path = Tutorial.swift; sourceTree = "<group>"; };
		BDE8B34F2ADD92D600BAA6BC /* config.swift */ = {isa = PBXFileReference; lastKnownFileType = sourcecode.swift; path = config.swift; sourceTree = "<group>"; };
/* End PBXFileReference section */

/* Begin PBXFrameworksBuildPhase section */
		BD6F59B42AD6948200103994 /* Frameworks */ = {
			isa = PBXFrameworksBuildPhase;
			buildActionMask = 2147483647;
			files = (
			);
			runOnlyForDeploymentPostprocessing = 0;
		};
/* End PBXFrameworksBuildPhase section */

/* Begin PBXGroup section */
		646FC4122AE77D920004A1F1 /* Sound */ = {
			isa = PBXGroup;
			children = (
				646FC41C2AE811A20004A1F1 /* footstepWooden.mp3 */,
				646FC4202AE9701D0004A1F1 /* komplekKerajaan.mp3 */,
				649EC8252AEEB56800E1892F /* Depan Kerajaan.mp3 */,
				649EC8272AEEB56800E1892F /* Pantai Majapahit.mp3 */,
				649EC8262AEEB56800E1892F /* Sungai.mp3 */,
			);
			path = Sound;
			sourceTree = "<group>";
		};
		BD6F59AE2AD6948200103994 = {
			isa = PBXGroup;
			children = (
				BD6F59B92AD6948200103994 /* Gaming */,
				646FC4122AE77D920004A1F1 /* Sound */,
				BD6F59B82AD6948200103994 /* Products */,
			);
			sourceTree = "<group>";
		};
		BD6F59B82AD6948200103994 /* Products */ = {
			isa = PBXGroup;
			children = (
				BD6F59B72AD6948200103994 /* Gaming.app */,
			);
			name = Products;
			sourceTree = "<group>";
		};
		BD6F59B92AD6948200103994 /* Gaming */ = {
			isa = PBXGroup;
			children = (
				BDA69E6D2AE912D700211E96 /* Scenes */,
				BD6F59D42AD7F7B200103994 /* NodeClass */,
				BD6F59D12AD7D21800103994 /* Config */,
				BD6F59BA2AD6948200103994 /* AppDelegate.swift */,
				646FC4132AE77EDB0004A1F1 /* SceneManager.swift */,
				BD6F59C22AD6948200103994 /* GameViewController.swift */,
				BD6F59C72AD6948300103994 /* Assets.xcassets */,
				BD6F59C42AD6948200103994 /* Main.storyboard */,
				BD6F59C92AD6948300103994 /* LaunchScreen.storyboard */,
			);
			path = Gaming;
			sourceTree = "<group>";
		};
		BD6F59D12AD7D21800103994 /* Config */ = {
			isa = PBXGroup;
			children = (
				BD6F59D22AD7D22C00103994 /* GameConfig.swift */,
				BDE8B34F2ADD92D600BAA6BC /* config.swift */,
			);
			path = Config;
			sourceTree = "<group>";
		};
		BD6F59D42AD7F7B200103994 /* NodeClass */ = {
			isa = PBXGroup;
			children = (
				BD6F59D52AD7F7BF00103994 /* Player.swift */,
				BDA0D98B2ADD459100B6ABE6 /* Npc.swift */,
				BD5B833B2AE2608A004A8345 /* Item.swift */,
				646FC41E2AE8359F0004A1F1 /* Button.swift */,
				BDDED9E72AEE4EE700E468C7 /* Tutorial.swift */,
			);
			path = NodeClass;
			sourceTree = "<group>";
		};
		BDA69E6D2AE912D700211E96 /* Scenes */ = {
			isa = PBXGroup;
			children = (
				BDB3C2BD2AE965D400FBBB08 /* SingasanaScene.swift */,
				BDA69E702AE9133500211E96 /* KomplekKerajaanScene.swift */,
				BDA69E6E2AE912E800211E96 /* DesaScene.swift */,
				649EC81B2AEE8F8E00E1892F /* BaliScene.swift */,
				649EC81D2AEE8FA500E1892F /* PendopoBaliScene.swift */,
				BD6809972AF0F38F00AA67CF /* OpeningNaration.swift */,
				BD4407722AF1EDD8009DA530 /* OnBoardingScene.swift */,
				BD274F0B2AF21E78006B6A97 /* EndingScene.swift */,
			);
			path = Scenes;
			sourceTree = "<group>";
		};
/* End PBXGroup section */

/* Begin PBXNativeTarget section */
		BD6F59B62AD6948200103994 /* Gaming */ = {
			isa = PBXNativeTarget;
			buildConfigurationList = BD6F59CE2AD6948300103994 /* Build configuration list for PBXNativeTarget "Gaming" */;
			buildPhases = (
				BD6F59B32AD6948200103994 /* Sources */,
				BD6F59B42AD6948200103994 /* Frameworks */,
				BD6F59B52AD6948200103994 /* Resources */,
			);
			buildRules = (
			);
			dependencies = (
			);
			name = Gaming;
			productName = Gaming;
			productReference = BD6F59B72AD6948200103994 /* Gaming.app */;
			productType = "com.apple.product-type.application";
		};
/* End PBXNativeTarget section */

/* Begin PBXProject section */
		BD6F59AF2AD6948200103994 /* Project object */ = {
			isa = PBXProject;
			attributes = {
				BuildIndependentTargetsInParallel = 1;
				LastSwiftUpdateCheck = 1500;
				LastUpgradeCheck = 1500;
				TargetAttributes = {
					BD6F59B62AD6948200103994 = {
						CreatedOnToolsVersion = 15.0;
					};
				};
			};
			buildConfigurationList = BD6F59B22AD6948200103994 /* Build configuration list for PBXProject "Gaming" */;
			compatibilityVersion = "Xcode 14.0";
			developmentRegion = en;
			hasScannedForEncodings = 0;
			knownRegions = (
				en,
				Base,
			);
			mainGroup = BD6F59AE2AD6948200103994;
			productRefGroup = BD6F59B82AD6948200103994 /* Products */;
			projectDirPath = "";
			projectRoot = "";
			targets = (
				BD6F59B62AD6948200103994 /* Gaming */,
			);
		};
/* End PBXProject section */

/* Begin PBXResourcesBuildPhase section */
		BD6F59B52AD6948200103994 /* Resources */ = {
			isa = PBXResourcesBuildPhase;
			buildActionMask = 2147483647;
			files = (
				646FC41D2AE811A20004A1F1 /* footstepWooden.mp3 in Resources */,
				646FC4242AE9701D0004A1F1 /* komplekKerajaan.mp3 in Resources */,
				BD6F59C62AD6948200103994 /* Main.storyboard in Resources */,
				649EC8282AEEB56800E1892F /* Depan Kerajaan.mp3 in Resources */,
				BD6F59C82AD6948300103994 /* Assets.xcassets in Resources */,
				649EC82A2AEEB56800E1892F /* Pantai Majapahit.mp3 in Resources */,
				BD6F59CB2AD6948300103994 /* LaunchScreen.storyboard in Resources */,
				649EC8292AEEB56800E1892F /* Sungai.mp3 in Resources */,
			);
			runOnlyForDeploymentPostprocessing = 0;
		};
/* End PBXResourcesBuildPhase section */

/* Begin PBXSourcesBuildPhase section */
		BD6F59B32AD6948200103994 /* Sources */ = {
			isa = PBXSourcesBuildPhase;
			buildActionMask = 2147483647;
			files = (
				649EC81C2AEE8F8E00E1892F /* BaliScene.swift in Sources */,
				BD5B833C2AE2608A004A8345 /* Item.swift in Sources */,
				646FC4142AE77EDB0004A1F1 /* SceneManager.swift in Sources */,
				BD6F59C32AD6948200103994 /* GameViewController.swift in Sources */,
				BDE8B3502ADD92D600BAA6BC /* config.swift in Sources */,
				BD6F59BB2AD6948200103994 /* AppDelegate.swift in Sources */,
				649EC81E2AEE8FA500E1892F /* PendopoBaliScene.swift in Sources */,
				BDA69E6F2AE912E800211E96 /* DesaScene.swift in Sources */,
				BDDED9E82AEE4EE800E468C7 /* Tutorial.swift in Sources */,
				BDA69E712AE9133500211E96 /* KomplekKerajaanScene.swift in Sources */,
				646FC41F2AE8359F0004A1F1 /* Button.swift in Sources */,
				BD6F59D62AD7F7BF00103994 /* Player.swift in Sources */,
				BD6F59D32AD7D22C00103994 /* GameConfig.swift in Sources */,
				BD6809982AF0F38F00AA67CF /* OpeningNaration.swift in Sources */,
				BD4407732AF1EDD8009DA530 /* OnBoardingScene.swift in Sources */,
				BD274F0C2AF21E78006B6A97 /* EndingScene.swift in Sources */,
				BDB3C2BE2AE965D400FBBB08 /* SingasanaScene.swift in Sources */,
				BDA0D98C2ADD459100B6ABE6 /* Npc.swift in Sources */,
			);
			runOnlyForDeploymentPostprocessing = 0;
		};
/* End PBXSourcesBuildPhase section */

/* Begin PBXVariantGroup section */
		BD6F59C42AD6948200103994 /* Main.storyboard */ = {
			isa = PBXVariantGroup;
			children = (
				BD6F59C52AD6948200103994 /* Base */,
			);
			name = Main.storyboard;
			sourceTree = "<group>";
		};
		BD6F59C92AD6948300103994 /* LaunchScreen.storyboard */ = {
			isa = PBXVariantGroup;
			children = (
				BD6F59CA2AD6948300103994 /* Base */,
			);
			name = LaunchScreen.storyboard;
			sourceTree = "<group>";
		};
/* End PBXVariantGroup section */

/* Begin XCBuildConfiguration section */
		BD6F59CC2AD6948300103994 /* Debug */ = {
			isa = XCBuildConfiguration;
			buildSettings = {
				ALWAYS_SEARCH_USER_PATHS = NO;
				ASSETCATALOG_COMPILER_GENERATE_SWIFT_ASSET_SYMBOL_EXTENSIONS = YES;
				CLANG_ANALYZER_NONNULL = YES;
				CLANG_ANALYZER_NUMBER_OBJECT_CONVERSION = YES_AGGRESSIVE;
				CLANG_CXX_LANGUAGE_STANDARD = "gnu++20";
				CLANG_ENABLE_MODULES = YES;
				CLANG_ENABLE_OBJC_ARC = YES;
				CLANG_ENABLE_OBJC_WEAK = YES;
				CLANG_WARN_BLOCK_CAPTURE_AUTORELEASING = YES;
				CLANG_WARN_BOOL_CONVERSION = YES;
				CLANG_WARN_COMMA = YES;
				CLANG_WARN_CONSTANT_CONVERSION = YES;
				CLANG_WARN_DEPRECATED_OBJC_IMPLEMENTATIONS = YES;
				CLANG_WARN_DIRECT_OBJC_ISA_USAGE = YES_ERROR;
				CLANG_WARN_DOCUMENTATION_COMMENTS = YES;
				CLANG_WARN_EMPTY_BODY = YES;
				CLANG_WARN_ENUM_CONVERSION = YES;
				CLANG_WARN_INFINITE_RECURSION = YES;
				CLANG_WARN_INT_CONVERSION = YES;
				CLANG_WARN_NON_LITERAL_NULL_CONVERSION = YES;
				CLANG_WARN_OBJC_IMPLICIT_RETAIN_SELF = YES;
				CLANG_WARN_OBJC_LITERAL_CONVERSION = YES;
				CLANG_WARN_OBJC_ROOT_CLASS = YES_ERROR;
				CLANG_WARN_QUOTED_INCLUDE_IN_FRAMEWORK_HEADER = YES;
				CLANG_WARN_RANGE_LOOP_ANALYSIS = YES;
				CLANG_WARN_STRICT_PROTOTYPES = YES;
				CLANG_WARN_SUSPICIOUS_MOVE = YES;
				CLANG_WARN_UNGUARDED_AVAILABILITY = YES_AGGRESSIVE;
				CLANG_WARN_UNREACHABLE_CODE = YES;
				CLANG_WARN__DUPLICATE_METHOD_MATCH = YES;
				COPY_PHASE_STRIP = NO;
				DEBUG_INFORMATION_FORMAT = dwarf;
				ENABLE_STRICT_OBJC_MSGSEND = YES;
				ENABLE_TESTABILITY = YES;
				ENABLE_USER_SCRIPT_SANDBOXING = YES;
				GCC_C_LANGUAGE_STANDARD = gnu17;
				GCC_DYNAMIC_NO_PIC = NO;
				GCC_NO_COMMON_BLOCKS = YES;
				GCC_OPTIMIZATION_LEVEL = 0;
				GCC_PREPROCESSOR_DEFINITIONS = (
					"DEBUG=1",
					"$(inherited)",
				);
				GCC_WARN_64_TO_32_BIT_CONVERSION = YES;
				GCC_WARN_ABOUT_RETURN_TYPE = YES_ERROR;
				GCC_WARN_UNDECLARED_SELECTOR = YES;
				GCC_WARN_UNINITIALIZED_AUTOS = YES_AGGRESSIVE;
				GCC_WARN_UNUSED_FUNCTION = YES;
				GCC_WARN_UNUSED_VARIABLE = YES;
				IPHONEOS_DEPLOYMENT_TARGET = 17.0;
				LOCALIZATION_PREFERS_STRING_CATALOGS = YES;
				MTL_ENABLE_DEBUG_INFO = INCLUDE_SOURCE;
				MTL_FAST_MATH = YES;
				ONLY_ACTIVE_ARCH = YES;
				SDKROOT = iphoneos;
				SWIFT_ACTIVE_COMPILATION_CONDITIONS = "DEBUG $(inherited)";
				SWIFT_OPTIMIZATION_LEVEL = "-Onone";
			};
			name = Debug;
		};
		BD6F59CD2AD6948300103994 /* Release */ = {
			isa = XCBuildConfiguration;
			buildSettings = {
				ALWAYS_SEARCH_USER_PATHS = NO;
				ASSETCATALOG_COMPILER_GENERATE_SWIFT_ASSET_SYMBOL_EXTENSIONS = YES;
				CLANG_ANALYZER_NONNULL = YES;
				CLANG_ANALYZER_NUMBER_OBJECT_CONVERSION = YES_AGGRESSIVE;
				CLANG_CXX_LANGUAGE_STANDARD = "gnu++20";
				CLANG_ENABLE_MODULES = YES;
				CLANG_ENABLE_OBJC_ARC = YES;
				CLANG_ENABLE_OBJC_WEAK = YES;
				CLANG_WARN_BLOCK_CAPTURE_AUTORELEASING = YES;
				CLANG_WARN_BOOL_CONVERSION = YES;
				CLANG_WARN_COMMA = YES;
				CLANG_WARN_CONSTANT_CONVERSION = YES;
				CLANG_WARN_DEPRECATED_OBJC_IMPLEMENTATIONS = YES;
				CLANG_WARN_DIRECT_OBJC_ISA_USAGE = YES_ERROR;
				CLANG_WARN_DOCUMENTATION_COMMENTS = YES;
				CLANG_WARN_EMPTY_BODY = YES;
				CLANG_WARN_ENUM_CONVERSION = YES;
				CLANG_WARN_INFINITE_RECURSION = YES;
				CLANG_WARN_INT_CONVERSION = YES;
				CLANG_WARN_NON_LITERAL_NULL_CONVERSION = YES;
				CLANG_WARN_OBJC_IMPLICIT_RETAIN_SELF = YES;
				CLANG_WARN_OBJC_LITERAL_CONVERSION = YES;
				CLANG_WARN_OBJC_ROOT_CLASS = YES_ERROR;
				CLANG_WARN_QUOTED_INCLUDE_IN_FRAMEWORK_HEADER = YES;
				CLANG_WARN_RANGE_LOOP_ANALYSIS = YES;
				CLANG_WARN_STRICT_PROTOTYPES = YES;
				CLANG_WARN_SUSPICIOUS_MOVE = YES;
				CLANG_WARN_UNGUARDED_AVAILABILITY = YES_AGGRESSIVE;
				CLANG_WARN_UNREACHABLE_CODE = YES;
				CLANG_WARN__DUPLICATE_METHOD_MATCH = YES;
				COPY_PHASE_STRIP = NO;
				DEBUG_INFORMATION_FORMAT = "dwarf-with-dsym";
				ENABLE_NS_ASSERTIONS = NO;
				ENABLE_STRICT_OBJC_MSGSEND = YES;
				ENABLE_USER_SCRIPT_SANDBOXING = YES;
				GCC_C_LANGUAGE_STANDARD = gnu17;
				GCC_NO_COMMON_BLOCKS = YES;
				GCC_WARN_64_TO_32_BIT_CONVERSION = YES;
				GCC_WARN_ABOUT_RETURN_TYPE = YES_ERROR;
				GCC_WARN_UNDECLARED_SELECTOR = YES;
				GCC_WARN_UNINITIALIZED_AUTOS = YES_AGGRESSIVE;
				GCC_WARN_UNUSED_FUNCTION = YES;
				GCC_WARN_UNUSED_VARIABLE = YES;
				IPHONEOS_DEPLOYMENT_TARGET = 17.0;
				LOCALIZATION_PREFERS_STRING_CATALOGS = YES;
				MTL_ENABLE_DEBUG_INFO = NO;
				MTL_FAST_MATH = YES;
				SDKROOT = iphoneos;
				SWIFT_COMPILATION_MODE = wholemodule;
				VALIDATE_PRODUCT = YES;
			};
			name = Release;
		};
		BD6F59CF2AD6948300103994 /* Debug */ = {
			isa = XCBuildConfiguration;
			buildSettings = {
				ASSETCATALOG_COMPILER_APPICON_NAME = AppIcon;
				ASSETCATALOG_COMPILER_GLOBAL_ACCENT_COLOR_NAME = AccentColor;
				CODE_SIGN_IDENTITY = "Apple Development";
				CODE_SIGN_STYLE = Automatic;
				CURRENT_PROJECT_VERSION = 1;
				DEVELOPMENT_TEAM = F8U2R4K53M;
				GENERATE_INFOPLIST_FILE = YES;
				INFOPLIST_KEY_CFBundleDisplayName = "Palapa Oath";
				INFOPLIST_KEY_LSApplicationCategoryType = "public.app-category.adventure-games";
				INFOPLIST_KEY_UIApplicationSupportsIndirectInputEvents = YES;
				INFOPLIST_KEY_UILaunchStoryboardName = LaunchScreen;
				INFOPLIST_KEY_UIMainStoryboardFile = Main;
				INFOPLIST_KEY_UIRequiresFullScreen = YES;
				INFOPLIST_KEY_UIStatusBarHidden = NO;
				INFOPLIST_KEY_UISupportedInterfaceOrientations = UIInterfaceOrientationLandscapeRight;
				LD_RUNPATH_SEARCH_PATHS = (
					"$(inherited)",
					"@executable_path/Frameworks",
				);
				MARKETING_VERSION = 1.0;
				PRODUCT_BUNDLE_IDENTIFIER = jatramaya.github.com;
				PRODUCT_NAME = "$(TARGET_NAME)";
				PROVISIONING_PROFILE_SPECIFIER = "";
				SWIFT_EMIT_LOC_STRINGS = YES;
				SWIFT_VERSION = 5.0;
				TARGETED_DEVICE_FAMILY = "1,2";
			};
			name = Debug;
		};
		BD6F59D02AD6948300103994 /* Release */ = {
			isa = XCBuildConfiguration;
			buildSettings = {
				ASSETCATALOG_COMPILER_APPICON_NAME = AppIcon;
				ASSETCATALOG_COMPILER_GLOBAL_ACCENT_COLOR_NAME = AccentColor;
				CODE_SIGN_IDENTITY = "Apple Development";
				CODE_SIGN_STYLE = Automatic;
				CURRENT_PROJECT_VERSION = 1;
				DEVELOPMENT_TEAM = F8U2R4K53M;
				GENERATE_INFOPLIST_FILE = YES;
				INFOPLIST_KEY_CFBundleDisplayName = "Palapa Oath";
				INFOPLIST_KEY_LSApplicationCategoryType = "public.app-category.adventure-games";
				INFOPLIST_KEY_UIApplicationSupportsIndirectInputEvents = YES;
				INFOPLIST_KEY_UILaunchStoryboardName = LaunchScreen;
				INFOPLIST_KEY_UIMainStoryboardFile = Main;
				INFOPLIST_KEY_UIRequiresFullScreen = YES;
				INFOPLIST_KEY_UIStatusBarHidden = NO;
				INFOPLIST_KEY_UISupportedInterfaceOrientations = UIInterfaceOrientationLandscapeRight;
				LD_RUNPATH_SEARCH_PATHS = (
					"$(inherited)",
					"@executable_path/Frameworks",
				);
				MARKETING_VERSION = 1.0;
				PRODUCT_BUNDLE_IDENTIFIER = jatramaya.github.com;
				PRODUCT_NAME = "$(TARGET_NAME)";
				PROVISIONING_PROFILE_SPECIFIER = "";
				SWIFT_EMIT_LOC_STRINGS = YES;
				SWIFT_VERSION = 5.0;
				TARGETED_DEVICE_FAMILY = "1,2";
			};
			name = Release;
		};
/* End XCBuildConfiguration section */

/* Begin XCConfigurationList section */
		BD6F59B22AD6948200103994 /* Build configuration list for PBXProject "Gaming" */ = {
			isa = XCConfigurationList;
			buildConfigurations = (
				BD6F59CC2AD6948300103994 /* Debug */,
				BD6F59CD2AD6948300103994 /* Release */,
			);
			defaultConfigurationIsVisible = 0;
			defaultConfigurationName = Release;
		};
		BD6F59CE2AD6948300103994 /* Build configuration list for PBXNativeTarget "Gaming" */ = {
			isa = XCConfigurationList;
			buildConfigurations = (
				BD6F59CF2AD6948300103994 /* Debug */,
				BD6F59D02AD6948300103994 /* Release */,
			);
			defaultConfigurationIsVisible = 0;
			defaultConfigurationName = Release;
		};
/* End XCConfigurationList section */
	};
	rootObject = BD6F59AF2AD6948200103994 /* Project object */;
}
