// !$*UTF8*$!
{
	archiveVersion = 1;
	classes = {
	};
	objectVersion = 56;
	objects = {

/* Begin PBXBuildFile section */
		BD6F59BB2AD6948200103994 /* AppDelegate.swift in Sources */ = {isa = PBXBuildFile; fileRef = BD6F59BA2AD6948200103994 /* AppDelegate.swift */; };
		BD6F59C12AD6948200103994 /* GameScene.swift in Sources */ = {isa = PBXBuildFile; fileRef = BD6F59C02AD6948200103994 /* GameScene.swift */; };
		BD6F59C32AD6948200103994 /* GameViewController.swift in Sources */ = {isa = PBXBuildFile; fileRef = BD6F59C22AD6948200103994 /* GameViewController.swift */; };
		BD6F59C62AD6948200103994 /* Main.storyboard in Resources */ = {isa = PBXBuildFile; fileRef = BD6F59C42AD6948200103994 /* Main.storyboard */; };
		BD6F59C82AD6948300103994 /* Assets.xcassets in Resources */ = {isa = PBXBuildFile; fileRef = BD6F59C72AD6948300103994 /* Assets.xcassets */; };
		BD6F59CB2AD6948300103994 /* LaunchScreen.storyboard in Resources */ = {isa = PBXBuildFile; fileRef = BD6F59C92AD6948300103994 /* LaunchScreen.storyboard */; };
		BD6F59D32AD7D22C00103994 /* GameConfig.swift in Sources */ = {isa = PBXBuildFile; fileRef = BD6F59D22AD7D22C00103994 /* GameConfig.swift */; };
		BD6F59D62AD7F7BF00103994 /* Player.swift in Sources */ = {isa = PBXBuildFile; fileRef = BD6F59D52AD7F7BF00103994 /* Player.swift */; };
		BD6F59DA2AD83DAE00103994 /* Control.swift in Sources */ = {isa = PBXBuildFile; fileRef = BD6F59D92AD83DAE00103994 /* Control.swift */; };
		BD7BAB1B2AD9633A006B0AAA /* Npc.swift in Sources */ = {isa = PBXBuildFile; fileRef = BD7BAB1A2AD9633A006B0AAA /* Npc.swift */; };
		BDA0D98C2ADD459100B6ABE6 /* NpcDialog.swift in Sources */ = {isa = PBXBuildFile; fileRef = BDA0D98B2ADD459100B6ABE6 /* NpcDialog.swift */; };
/* End PBXBuildFile section */

/* Begin PBXFileReference section */
		BD6F59B72AD6948200103994 /* Gaming.app */ = {isa = PBXFileReference; explicitFileType = wrapper.application; includeInIndex = 0; path = Gaming.app; sourceTree = BUILT_PRODUCTS_DIR; };
		BD6F59BA2AD6948200103994 /* AppDelegate.swift */ = {isa = PBXFileReference; lastKnownFileType = sourcecode.swift; path = AppDelegate.swift; sourceTree = "<group>"; };
		BD6F59C02AD6948200103994 /* GameScene.swift */ = {isa = PBXFileReference; lastKnownFileType = sourcecode.swift; path = GameScene.swift; sourceTree = "<group>"; };
		BD6F59C22AD6948200103994 /* GameViewController.swift */ = {isa = PBXFileReference; lastKnownFileType = sourcecode.swift; path = GameViewController.swift; sourceTree = "<group>"; };
		BD6F59C52AD6948200103994 /* Base */ = {isa = PBXFileReference; lastKnownFileType = file.storyboard; name = Base; path = Base.lproj/Main.storyboard; sourceTree = "<group>"; };
		BD6F59C72AD6948300103994 /* Assets.xcassets */ = {isa = PBXFileReference; lastKnownFileType = folder.assetcatalog; path = Assets.xcassets; sourceTree = "<group>"; };
		BD6F59CA2AD6948300103994 /* Base */ = {isa = PBXFileReference; lastKnownFileType = file.storyboard; name = Base; path = Base.lproj/LaunchScreen.storyboard; sourceTree = "<group>"; };
		BD6F59D22AD7D22C00103994 /* GameConfig.swift */ = {isa = PBXFileReference; lastKnownFileType = sourcecode.swift; path = GameConfig.swift; sourceTree = "<group>"; };
		BD6F59D52AD7F7BF00103994 /* Player.swift */ = {isa = PBXFileReference; lastKnownFileType = sourcecode.swift; path = Player.swift; sourceTree = "<group>"; };
		BD6F59D92AD83DAE00103994 /* Control.swift */ = {isa = PBXFileReference; lastKnownFileType = sourcecode.swift; path = Control.swift; sourceTree = "<group>"; };
		BD7BAB1A2AD9633A006B0AAA /* Npc.swift */ = {isa = PBXFileReference; lastKnownFileType = sourcecode.swift; path = Npc.swift; sourceTree = "<group>"; };
		BDA0D98B2ADD459100B6ABE6 /* NpcDialog.swift */ = {isa = PBXFileReference; lastKnownFileType = sourcecode.swift; path = NpcDialog.swift; sourceTree = "<group>"; };
/* End PBXFileReference section */

/* Begin PBXFrameworksBuildPhase section */
		BD6F59B42AD6948200103994 /* Frameworks */ = {
			isa = PBXFrameworksBuildPhase;
			buildActionMask = 2147483647;
			files = (
			);
			runOnlyForDeploymentPostprocessing = 0;
		};
/* End PBXFrameworksBuildPhase section */

/* Begin PBXGroup section */
		BD6F59AE2AD6948200103994 = {
			isa = PBXGroup;
			children = (
				BD6F59B92AD6948200103994 /* Gaming */,
				BD6F59B82AD6948200103994 /* Products */,
			);
			sourceTree = "<group>";
		};
		BD6F59B82AD6948200103994 /* Products */ = {
			isa = PBXGroup;
			children = (
				BD6F59B72AD6948200103994 /* Gaming.app */,
			);
			name = Products;
			sourceTree = "<group>";
		};
		BD6F59B92AD6948200103994 /* Gaming */ = {
			isa = PBXGroup;
			children = (
				BD6F59D42AD7F7B200103994 /* NodeClass */,
				BD6F59D12AD7D21800103994 /* Config */,
				BD6F59BA2AD6948200103994 /* AppDelegate.swift */,
				BD6F59C02AD6948200103994 /* GameScene.swift */,
				BD6F59C22AD6948200103994 /* GameViewController.swift */,
				BD6F59C42AD6948200103994 /* Main.storyboard */,
				BD6F59C72AD6948300103994 /* Assets.xcassets */,
				BD6F59C92AD6948300103994 /* LaunchScreen.storyboard */,
			);
			path = Gaming;
			sourceTree = "<group>";
		};
		BD6F59D12AD7D21800103994 /* Config */ = {
			isa = PBXGroup;
			children = (
				BD6F59D22AD7D22C00103994 /* GameConfig.swift */,
			);
			path = Config;
			sourceTree = "<group>";
		};
		BD6F59D42AD7F7B200103994 /* NodeClass */ = {
			isa = PBXGroup;
			children = (
				BD6F59D52AD7F7BF00103994 /* Player.swift */,
				BD6F59D92AD83DAE00103994 /* Control.swift */,
				BD7BAB1A2AD9633A006B0AAA /* Npc.swift */,
				BDA0D98B2ADD459100B6ABE6 /* NpcDialog.swift */,
			);
			path = NodeClass;
			sourceTree = "<group>";
		};
/* End PBXGroup section */

/* Begin PBXNativeTarget section */
		BD6F59B62AD6948200103994 /* Gaming */ = {
			isa = PBXNativeTarget;
			buildConfigurationList = BD6F59CE2AD6948300103994 /* Build configuration list for PBXNativeTarget "Gaming" */;
			buildPhases = (
				BD6F59B32AD6948200103994 /* Sources */,
				BD6F59B42AD6948200103994 /* Frameworks */,
				BD6F59B52AD6948200103994 /* Resources */,
			);
			buildRules = (
			);
			dependencies = (
			);
			name = Gaming;
			productName = Gaming;
			productReference = BD6F59B72AD6948200103994 /* Gaming.app */;
			productType = "com.apple.product-type.application";
		};
/* End PBXNativeTarget section */

/* Begin PBXProject section */
		BD6F59AF2AD6948200103994 /* Project object */ = {
			isa = PBXProject;
			attributes = {
				BuildIndependentTargetsInParallel = 1;
				LastSwiftUpdateCheck = 1500;
				LastUpgradeCheck = 1500;
				TargetAttributes = {
					BD6F59B62AD6948200103994 = {
						CreatedOnToolsVersion = 15.0;
					};
				};
			};
			buildConfigurationList = BD6F59B22AD6948200103994 /* Build configuration list for PBXProject "Gaming" */;
			compatibilityVersion = "Xcode 14.0";
			developmentRegion = en;
			hasScannedForEncodings = 0;
			knownRegions = (
				en,
				Base,
			);
			mainGroup = BD6F59AE2AD6948200103994;
			productRefGroup = BD6F59B82AD6948200103994 /* Products */;
			projectDirPath = "";
			projectRoot = "";
			targets = (
				BD6F59B62AD6948200103994 /* Gaming */,
			);
		};
/* End PBXProject section */

/* Begin PBXResourcesBuildPhase section */
		BD6F59B52AD6948200103994 /* Resources */ = {
			isa = PBXResourcesBuildPhase;
			buildActionMask = 2147483647;
			files = (
				BD6F59C62AD6948200103994 /* Main.storyboard in Resources */,
				BD6F59C82AD6948300103994 /* Assets.xcassets in Resources */,
				BD6F59CB2AD6948300103994 /* LaunchScreen.storyboard in Resources */,
			);
			runOnlyForDeploymentPostprocessing = 0;
		};
/* End PBXResourcesBuildPhase section */

/* Begin PBXSourcesBuildPhase section */
		BD6F59B32AD6948200103994 /* Sources */ = {
			isa = PBXSourcesBuildPhase;
			buildActionMask = 2147483647;
			files = (
				BD7BAB1B2AD9633A006B0AAA /* Npc.swift in Sources */,
				BD6F59C12AD6948200103994 /* GameScene.swift in Sources */,
				BD6F59C32AD6948200103994 /* GameViewController.swift in Sources */,
				BD6F59BB2AD6948200103994 /* AppDelegate.swift in Sources */,
				BD6F59D62AD7F7BF00103994 /* Player.swift in Sources */,
				BD6F59D32AD7D22C00103994 /* GameConfig.swift in Sources */,
				BD6F59DA2AD83DAE00103994 /* Control.swift in Sources */,
				BDA0D98C2ADD459100B6ABE6 /* NpcDialog.swift in Sources */,
			);
			runOnlyForDeploymentPostprocessing = 0;
		};
/* End PBXSourcesBuildPhase section */

/* Begin PBXVariantGroup section */
		BD6F59C42AD6948200103994 /* Main.storyboard */ = {
			isa = PBXVariantGroup;
			children = (
				BD6F59C52AD6948200103994 /* Base */,
			);
			name = Main.storyboard;
			sourceTree = "<group>";
		};
		BD6F59C92AD6948300103994 /* LaunchScreen.storyboard */ = {
			isa = PBXVariantGroup;
			children = (
				BD6F59CA2AD6948300103994 /* Base */,
			);
			name = LaunchScreen.storyboard;
			sourceTree = "<group>";
		};
/* End PBXVariantGroup section */

/* Begin XCBuildConfiguration section */
		BD6F59CC2AD6948300103994 /* Debug */ = {
			isa = XCBuildConfiguration;
			buildSettings = {
				ALWAYS_SEARCH_USER_PATHS = NO;
				ASSETCATALOG_COMPILER_GENERATE_SWIFT_ASSET_SYMBOL_EXTENSIONS = YES;
				CLANG_ANALYZER_NONNULL = YES;
				CLANG_ANALYZER_NUMBER_OBJECT_CONVERSION = YES_AGGRESSIVE;
				CLANG_CXX_LANGUAGE_STANDARD = "gnu++20";
				CLANG_ENABLE_MODULES = YES;
				CLANG_ENABLE_OBJC_ARC = YES;
				CLANG_ENABLE_OBJC_WEAK = YES;
				CLANG_WARN_BLOCK_CAPTURE_AUTORELEASING = YES;
				CLANG_WARN_BOOL_CONVERSION = YES;
				CLANG_WARN_COMMA = YES;
				CLANG_WARN_CONSTANT_CONVERSION = YES;
				CLANG_WARN_DEPRECATED_OBJC_IMPLEMENTATIONS = YES;
				CLANG_WARN_DIRECT_OBJC_ISA_USAGE = YES_ERROR;
				CLANG_WARN_DOCUMENTATION_COMMENTS = YES;
				CLANG_WARN_EMPTY_BODY = YES;
				CLANG_WARN_ENUM_CONVERSION = YES;
				CLANG_WARN_INFINITE_RECURSION = YES;
				CLANG_WARN_INT_CONVERSION = YES;
				CLANG_WARN_NON_LITERAL_NULL_CONVERSION = YES;
				CLANG_WARN_OBJC_IMPLICIT_RETAIN_SELF = YES;
				CLANG_WARN_OBJC_LITERAL_CONVERSION = YES;
				CLANG_WARN_OBJC_ROOT_CLASS = YES_ERROR;
				CLANG_WARN_QUOTED_INCLUDE_IN_FRAMEWORK_HEADER = YES;
				CLANG_WARN_RANGE_LOOP_ANALYSIS = YES;
				CLANG_WARN_STRICT_PROTOTYPES = YES;
				CLANG_WARN_SUSPICIOUS_MOVE = YES;
				CLANG_WARN_UNGUARDED_AVAILABILITY = YES_AGGRESSIVE;
				CLANG_WARN_UNREACHABLE_CODE = YES;
				CLANG_WARN__DUPLICATE_METHOD_MATCH = YES;
				COPY_PHASE_STRIP = NO;
				DEBUG_INFORMATION_FORMAT = dwarf;
				ENABLE_STRICT_OBJC_MSGSEND = YES;
				ENABLE_TESTABILITY = YES;
				ENABLE_USER_SCRIPT_SANDBOXING = YES;
				GCC_C_LANGUAGE_STANDARD = gnu17;
				GCC_DYNAMIC_NO_PIC = NO;
				GCC_NO_COMMON_BLOCKS = YES;
				GCC_OPTIMIZATION_LEVEL = 0;
				GCC_PREPROCESSOR_DEFINITIONS = (
					"DEBUG=1",
					"$(inherited)",
				);
				GCC_WARN_64_TO_32_BIT_CONVERSION = YES;
				GCC_WARN_ABOUT_RETURN_TYPE = YES_ERROR;
				GCC_WARN_UNDECLARED_SELECTOR = YES;
				GCC_WARN_UNINITIALIZED_AUTOS = YES_AGGRESSIVE;
				GCC_WARN_UNUSED_FUNCTION = YES;
				GCC_WARN_UNUSED_VARIABLE = YES;
				IPHONEOS_DEPLOYMENT_TARGET = 17.0;
				LOCALIZATION_PREFERS_STRING_CATALOGS = YES;
				MTL_ENABLE_DEBUG_INFO = INCLUDE_SOURCE;
				MTL_FAST_MATH = YES;
				ONLY_ACTIVE_ARCH = YES;
				SDKROOT = iphoneos;
				SWIFT_ACTIVE_COMPILATION_CONDITIONS = "DEBUG $(inherited)";
				SWIFT_OPTIMIZATION_LEVEL = "-Onone";
			};
			name = Debug;
		};
		BD6F59CD2AD6948300103994 /* Release */ = {
			isa = XCBuildConfiguration;
			buildSettings = {
				ALWAYS_SEARCH_USER_PATHS = NO;
				ASSETCATALOG_COMPILER_GENERATE_SWIFT_ASSET_SYMBOL_EXTENSIONS = YES;
				CLANG_ANALYZER_NONNULL = YES;
				CLANG_ANALYZER_NUMBER_OBJECT_CONVERSION = YES_AGGRESSIVE;
				CLANG_CXX_LANGUAGE_STANDARD = "gnu++20";
				CLANG_ENABLE_MODULES = YES;
				CLANG_ENABLE_OBJC_ARC = YES;
				CLANG_ENABLE_OBJC_WEAK = YES;
				CLANG_WARN_BLOCK_CAPTURE_AUTORELEASING = YES;
				CLANG_WARN_BOOL_CONVERSION = YES;
				CLANG_WARN_COMMA = YES;
				CLANG_WARN_CONSTANT_CONVERSION = YES;
				CLANG_WARN_DEPRECATED_OBJC_IMPLEMENTATIONS = YES;
				CLANG_WARN_DIRECT_OBJC_ISA_USAGE = YES_ERROR;
				CLANG_WARN_DOCUMENTATION_COMMENTS = YES;
				CLANG_WARN_EMPTY_BODY = YES;
				CLANG_WARN_ENUM_CONVERSION = YES;
				CLANG_WARN_INFINITE_RECURSION = YES;
				CLANG_WARN_INT_CONVERSION = YES;
				CLANG_WARN_NON_LITERAL_NULL_CONVERSION = YES;
				CLANG_WARN_OBJC_IMPLICIT_RETAIN_SELF = YES;
				CLANG_WARN_OBJC_LITERAL_CONVERSION = YES;
				CLANG_WARN_OBJC_ROOT_CLASS = YES_ERROR;
				CLANG_WARN_QUOTED_INCLUDE_IN_FRAMEWORK_HEADER = YES;
				CLANG_WARN_RANGE_LOOP_ANALYSIS = YES;
				CLANG_WARN_STRICT_PROTOTYPES = YES;
				CLANG_WARN_SUSPICIOUS_MOVE = YES;
				CLANG_WARN_UNGUARDED_AVAILABILITY = YES_AGGRESSIVE;
				CLANG_WARN_UNREACHABLE_CODE = YES;
				CLANG_WARN__DUPLICATE_METHOD_MATCH = YES;
				COPY_PHASE_STRIP = NO;
				DEBUG_INFORMATION_FORMAT = "dwarf-with-dsym";
				ENABLE_NS_ASSERTIONS = NO;
				ENABLE_STRICT_OBJC_MSGSEND = YES;
				ENABLE_USER_SCRIPT_SANDBOXING = YES;
				GCC_C_LANGUAGE_STANDARD = gnu17;
				GCC_NO_COMMON_BLOCKS = YES;
				GCC_WARN_64_TO_32_BIT_CONVERSION = YES;
				GCC_WARN_ABOUT_RETURN_TYPE = YES_ERROR;
				GCC_WARN_UNDECLARED_SELECTOR = YES;
				GCC_WARN_UNINITIALIZED_AUTOS = YES_AGGRESSIVE;
				GCC_WARN_UNUSED_FUNCTION = YES;
				GCC_WARN_UNUSED_VARIABLE = YES;
				IPHONEOS_DEPLOYMENT_TARGET = 17.0;
				LOCALIZATION_PREFERS_STRING_CATALOGS = YES;
				MTL_ENABLE_DEBUG_INFO = NO;
				MTL_FAST_MATH = YES;
				SDKROOT = iphoneos;
				SWIFT_COMPILATION_MODE = wholemodule;
				VALIDATE_PRODUCT = YES;
			};
			name = Release;
		};
		BD6F59CF2AD6948300103994 /* Debug */ = {
			isa = XCBuildConfiguration;
			buildSettings = {
				ASSETCATALOG_COMPILER_APPICON_NAME = AppIcon;
				ASSETCATALOG_COMPILER_GLOBAL_ACCENT_COLOR_NAME = AccentColor;
				CODE_SIGN_STYLE = Automatic;
				CURRENT_PROJECT_VERSION = 1;
				DEVELOPMENT_TEAM = F8U2R4K53M;
				GENERATE_INFOPLIST_FILE = YES;
				INFOPLIST_KEY_UIApplicationSupportsIndirectInputEvents = YES;
				INFOPLIST_KEY_UILaunchStoryboardName = LaunchScreen;
				INFOPLIST_KEY_UIMainStoryboardFile = Main;
				INFOPLIST_KEY_UIStatusBarHidden = YES;
				INFOPLIST_KEY_UISupportedInterfaceOrientations = "UIInterfaceOrientationLandscapeLeft UIInterfaceOrientationLandscapeRight";
				INFOPLIST_KEY_UISupportedInterfaceOrientations_iPad = "UIInterfaceOrientationLandscapeLeft UIInterfaceOrientationLandscapeRight UIInterfaceOrientationPortraitUpsideDown";
				LD_RUNPATH_SEARCH_PATHS = (
					"$(inherited)",
					"@executable_path/Frameworks",
				);
				MARKETING_VERSION = 1.0;
				PRODUCT_BUNDLE_IDENTIFIER = com.jatraMaya.Gaming;
				PRODUCT_NAME = "$(TARGET_NAME)";
				SWIFT_EMIT_LOC_STRINGS = YES;
				SWIFT_VERSION = 5.0;
				TARGETED_DEVICE_FAMILY = "1,2";
			};
			name = Debug;
		};
		BD6F59D02AD6948300103994 /* Release */ = {
			isa = XCBuildConfiguration;
			buildSettings = {
				ASSETCATALOG_COMPILER_APPICON_NAME = AppIcon;
				ASSETCATALOG_COMPILER_GLOBAL_ACCENT_COLOR_NAME = AccentColor;
				CODE_SIGN_STYLE = Automatic;
				CURRENT_PROJECT_VERSION = 1;
				DEVELOPMENT_TEAM = F8U2R4K53M;
				GENERATE_INFOPLIST_FILE = YES;
				INFOPLIST_KEY_UIApplicationSupportsIndirectInputEvents = YES;
				INFOPLIST_KEY_UILaunchStoryboardName = LaunchScreen;
				INFOPLIST_KEY_UIMainStoryboardFile = Main;
				INFOPLIST_KEY_UIStatusBarHidden = YES;
				INFOPLIST_KEY_UISupportedInterfaceOrientations = "UIInterfaceOrientationLandscapeLeft UIInterfaceOrientationLandscapeRight";
				INFOPLIST_KEY_UISupportedInterfaceOrientations_iPad = "UIInterfaceOrientationLandscapeLeft UIInterfaceOrientationLandscapeRight UIInterfaceOrientationPortraitUpsideDown";
				LD_RUNPATH_SEARCH_PATHS = (
					"$(inherited)",
					"@executable_path/Frameworks",
				);
				MARKETING_VERSION = 1.0;
				PRODUCT_BUNDLE_IDENTIFIER = com.jatraMaya.Gaming;
				PRODUCT_NAME = "$(TARGET_NAME)";
				SWIFT_EMIT_LOC_STRINGS = YES;
				SWIFT_VERSION = 5.0;
				TARGETED_DEVICE_FAMILY = "1,2";
			};
			name = Release;
		};
/* End XCBuildConfiguration section */

/* Begin XCConfigurationList section */
		BD6F59B22AD6948200103994 /* Build configuration list for PBXProject "Gaming" */ = {
			isa = XCConfigurationList;
			buildConfigurations = (
				BD6F59CC2AD6948300103994 /* Debug */,
				BD6F59CD2AD6948300103994 /* Release */,
			);
			defaultConfigurationIsVisible = 0;
			defaultConfigurationName = Release;
		};
		BD6F59CE2AD6948300103994 /* Build configuration list for PBXNativeTarget "Gaming" */ = {
			isa = XCConfigurationList;
			buildConfigurations = (
				BD6F59CF2AD6948300103994 /* Debug */,
				BD6F59D02AD6948300103994 /* Release */,
			);
			defaultConfigurationIsVisible = 0;
			defaultConfigurationName = Release;
		};
/* End XCConfigurationList section */
	};
	rootObject = BD6F59AF2AD6948200103994 /* Project object */;
}
